{
  "name": "com.cobilas.unity.utility",
  "version": "2.9.0",
  "lockfileVersion": 3,
  "requires": true,
  "packages": {
    "": {
      "name": "com.cobilas.unity.utility",
      "version": "2.9.0",
      "license": "MIT",
      "dependencies": {
        "com.cobilas.unity.core.net4x": "1.2.1"
      }
    },
    "node_modules/com.cobilas.unity.core.net4x": {
      "version": "1.2.1",
      "resolved": "https://registry.npmjs.org/com.cobilas.unity.core.net4x/-/com.cobilas.unity.core.net4x-1.2.1.tgz",
      "integrity": "sha512-HD3x83cgeYtZvpYu7RxKst8Hsp/puUVPcoQCNJJrvXpmNnnaethrI7pn2jcR3mCCUizuRfZDaLwkG9tVUpAzDQ=="
    }
  }
}
